
Microsoft Visual Studio Solution File, Format Version 12.00
# Visual Studio Version 18
VisualStudioVersion = 18.6.11716.218
MinimumVisualStudioVersion = 10.0.40219.1
Project("{FAE04EC0-301F-11D3-BF4B-00C04F79EFBC}") = "TorqIQ", "TorqIQ.csproj", "{B82A11E0-0C7D-654E-4FD3-74CC32035492}"
EndProject
Global
	GlobalSection(SolutionConfigurationPlatforms) = preSolution
		Debug|Any CPU = Debug|Any CPU
		Release|Any CPU = Release|Any CPU
	EndGlobalSection
	GlobalSection(ProjectConfigurationPlatforms) = postSolution
		{B82A11E0-0C7D-654E-4FD3-74CC32035492}.Debug|Any CPU.ActiveCfg = Debug|Any CPU
		{B82A11E0-0C7D-654E-4FD3-74CC32035492}.Debug|Any CPU.Build.0 = Debug|Any CPU
		{B82A11E0-0C7D-654E-4FD3-74CC32035492}.Release|Any CPU.ActiveCfg = Release|Any CPU
		{B82A11E0-0C7D-654E-4FD3-74CC32035492}.Release|Any CPU.Build.0 = Release|Any CPU
	EndGlobalSection
	GlobalSection(SolutionProperties) = preSolution
		HideSolutionNode = FALSE
	EndGlobalSection
	GlobalSection(ExtensibilityGlobals) = postSolution
		SolutionGuid = {24FBE405-B4DF-4ADA-8973-50761DC55C47}
	EndGlobalSection
EndGlobal
